{
  "requires": true,
  "lockfileVersion": 1,
  "dependencies": {
    "v-drag-drop": {
      "version": "1.0.2",
      "resolved": "https://registry.npmjs.org/v-drag-drop/-/v-drag-drop-1.0.2.tgz",
      "integrity": "sha512-O2ShFwJc3QgiFLe82uM/DbsZ1nSuvn1I+6KFLHtn5jrmZsv4JbZdcembzCP1XfEIBlF4u/g/te5zrfkXnDeaTQ=="
    }
  }
}
